
Microsoft Visual Studio Solution File, Format Version 10.00
# Visual Studio 2008
Project("{FAE04EC0-301F-11D3-BF4B-00C04F79EFBC}") = "TransformXML", "TransformXML.csproj", "{D5F11310-4BAD-411A-9F74-1446DC6F97EB}"
EndProject
Global
	GlobalSection(SolutionConfigurationPlatforms) = preSolution
		Debug|Any CPU = Debug|Any CPU
		Release|Any CPU = Release|Any CPU
	EndGlobalSection
	GlobalSection(ProjectConfigurationPlatforms) = postSolution
		{D5F11310-4BAD-411A-9F74-1446DC6F97EB}.Debug|Any CPU.ActiveCfg = Debug|Any CPU
		{D5F11310-4BAD-411A-9F74-1446DC6F97EB}.Debug|Any CPU.Build.0 = Debug|Any CPU
		{D5F11310-4BAD-411A-9F74-1446DC6F97EB}.Release|Any CPU.ActiveCfg = Release|Any CPU
		{D5F11310-4BAD-411A-9F74-1446DC6F97EB}.Release|Any CPU.Build.0 = Release|Any CPU
	EndGlobalSection
	GlobalSection(SolutionProperties) = preSolution
		HideSolutionNode = FALSE
	EndGlobalSection
EndGlobal
